Microsoft Visual Studio Solution File, Format Version 12.00
# Visual Studio 2012
Project("{FAE04EC0-301F-11D3-BF4B-00C04F79EFBC}") = "G.U.I.D.E-CSharp", "G.U.I.D.E-CSharp.csproj", "{21890F3D-92E7-40B8-B7CE-9F7341AE69E6}"
EndProject
Global
	GlobalSection(SolutionConfigurationPlatforms) = preSolution
	Debug|Any CPU = Debug|Any CPU
	ExportDebug|Any CPU = ExportDebug|Any CPU
	ExportRelease|Any CPU = ExportRelease|Any CPU
	EndGlobalSection
	GlobalSection(ProjectConfigurationPlatforms) = postSolution
		{21890F3D-92E7-40B8-B7CE-9F7341AE69E6}.Debug|Any CPU.ActiveCfg = Debug|Any CPU
		{21890F3D-92E7-40B8-B7CE-9F7341AE69E6}.Debug|Any CPU.Build.0 = Debug|Any CPU
		{21890F3D-92E7-40B8-B7CE-9F7341AE69E6}.ExportDebug|Any CPU.ActiveCfg = ExportDebug|Any CPU
		{21890F3D-92E7-40B8-B7CE-9F7341AE69E6}.ExportDebug|Any CPU.Build.0 = ExportDebug|Any CPU
		{21890F3D-92E7-40B8-B7CE-9F7341AE69E6}.ExportRelease|Any CPU.ActiveCfg = ExportRelease|Any CPU
		{21890F3D-92E7-40B8-B7CE-9F7341AE69E6}.ExportRelease|Any CPU.Build.0 = ExportRelease|Any CPU
	EndGlobalSection
EndGlobal
